
Microsoft Visual Studio Solution File, Format Version 12.00
Project("{2150E333-8FDC-42A3-9474-1A3956D46DE8}") = "src", "src", "{355409B8-4139-471C-994D-4921CF9D61CE}"
EndProject
Project("{2150E333-8FDC-42A3-9474-1A3956D46DE8}") = "test", "test", "{9753445B-01E1-4D02-9C5E-C098F177CD55}"
EndProject
Project("{2150E333-8FDC-42A3-9474-1A3956D46DE8}") = "Gateway", "Gateway", "{A43788A7-1592-49F5-AABE-452EB86C6131}"
	ProjectSection(SolutionItems) = preProject
		src\Gateway\Dockerfile = src\Gateway\Dockerfile
	EndProjectSection
EndProject
Project("{2150E333-8FDC-42A3-9474-1A3956D46DE8}") = "Cart", "Cart", "{50F5CD39-194D-4CB6-86FC-76B1A82EC988}"
EndProject
Project("{2150E333-8FDC-42A3-9474-1A3956D46DE8}") = "Catalog", "Catalog", "{9CE8D6A7-C963-4CBB-9D47-1F77270CB3F7}"
EndProject
Project("{2150E333-8FDC-42A3-9474-1A3956D46DE8}") = "Price", "Price", "{E40ABE1A-D8A7-4568-BB0E-B010049BDD76}"
EndProject
Project("{2150E333-8FDC-42A3-9474-1A3956D46DE8}") = "Recommendation", "Recommendation", "{A0074B1D-467A-4285-9F5B-7D5EBC498EBD}"
EndProject
Project("{2150E333-8FDC-42A3-9474-1A3956D46DE8}") = "Tracking", "Tracking", "{8F2212C3-118C-4F14-A6F7-456D3B4FBD54}"
EndProject
Project("{FAE04EC0-301F-11D3-BF4B-00C04F79EFBC}") = "LoyaltyR.Service.Gateway.API", "src\Gateway\LoyaltyR.Service.Gateway.API\LoyaltyR.Service.Gateway.API.csproj", "{0A5BD26E-3AA9-4900-88E5-744260A7EE20}"
EndProject
Project("{FAE04EC0-301F-11D3-BF4B-00C04F79EFBC}") = "LoyaltyR.Service.Cart.API", "src\Cart\LoyaltyR.Service.Cart.API\LoyaltyR.Service.Cart.API.csproj", "{E4D0D6D1-EA43-48FC-9FB7-87C31A599740}"
EndProject
Project("{FAE04EC0-301F-11D3-BF4B-00C04F79EFBC}") = "LoyaltyR.Service.Catalog.API", "src\Catalog\LoyaltyR.Service.Catalog.API\LoyaltyR.Service.Catalog.API.csproj", "{2CBA4FE8-BF58-425E-BA5B-1E86CEAA8865}"
EndProject
Project("{FAE04EC0-301F-11D3-BF4B-00C04F79EFBC}") = "LoyaltyR.Service.Price.API", "src\Price\LoyaltyR.Service.Price.API\LoyaltyR.Service.Price.API.csproj", "{2595894B-5159-4229-9A30-F1B96C1AFBCB}"
EndProject
Project("{FAE04EC0-301F-11D3-BF4B-00C04F79EFBC}") = "LoyaltyR.Service.Recommendation.API", "src\Recommendation\LoyaltyR.Service.Recommendation.API\LoyaltyR.Service.Recommendation.API.csproj", "{FB8B597A-27B1-4928-A7F0-B42A6805F6BE}"
EndProject
Project("{FAE04EC0-301F-11D3-BF4B-00C04F79EFBC}") = "LoyaltyR.Service.Tracking.API", "src\Tracking\LoyaltyR.Service.Tracking.API\LoyaltyR.Service.Tracking.API.csproj", "{593372D8-F47E-45C1-8E0E-E8B41DFC50FE}"
EndProject
Project("{FAE04EC0-301F-11D3-BF4B-00C04F79EFBC}") = "LoyaltyR.Service.Test.Unit", "test\LoyaltyR.Service.Test.Unit\LoyaltyR.Service.Test.Unit.csproj", "{499E4182-A96F-457E-9D7D-B9B511331E68}"
EndProject
Global
	GlobalSection(SolutionConfigurationPlatforms) = preSolution
		Debug|Any CPU = Debug|Any CPU
		Release|Any CPU = Release|Any CPU
	EndGlobalSection
	GlobalSection(NestedProjects) = preSolution
		{A43788A7-1592-49F5-AABE-452EB86C6131} = {355409B8-4139-471C-994D-4921CF9D61CE}
		{50F5CD39-194D-4CB6-86FC-76B1A82EC988} = {355409B8-4139-471C-994D-4921CF9D61CE}
		{9CE8D6A7-C963-4CBB-9D47-1F77270CB3F7} = {355409B8-4139-471C-994D-4921CF9D61CE}
		{E40ABE1A-D8A7-4568-BB0E-B010049BDD76} = {355409B8-4139-471C-994D-4921CF9D61CE}
		{A0074B1D-467A-4285-9F5B-7D5EBC498EBD} = {355409B8-4139-471C-994D-4921CF9D61CE}
		{8F2212C3-118C-4F14-A6F7-456D3B4FBD54} = {355409B8-4139-471C-994D-4921CF9D61CE}
		{0A5BD26E-3AA9-4900-88E5-744260A7EE20} = {A43788A7-1592-49F5-AABE-452EB86C6131}
		{E4D0D6D1-EA43-48FC-9FB7-87C31A599740} = {50F5CD39-194D-4CB6-86FC-76B1A82EC988}
		{2CBA4FE8-BF58-425E-BA5B-1E86CEAA8865} = {9CE8D6A7-C963-4CBB-9D47-1F77270CB3F7}
		{2595894B-5159-4229-9A30-F1B96C1AFBCB} = {E40ABE1A-D8A7-4568-BB0E-B010049BDD76}
		{FB8B597A-27B1-4928-A7F0-B42A6805F6BE} = {A0074B1D-467A-4285-9F5B-7D5EBC498EBD}
		{593372D8-F47E-45C1-8E0E-E8B41DFC50FE} = {8F2212C3-118C-4F14-A6F7-456D3B4FBD54}
		{499E4182-A96F-457E-9D7D-B9B511331E68} = {9753445B-01E1-4D02-9C5E-C098F177CD55}
	EndGlobalSection
	GlobalSection(ProjectConfigurationPlatforms) = postSolution
		{0A5BD26E-3AA9-4900-88E5-744260A7EE20}.Debug|Any CPU.ActiveCfg = Debug|Any CPU
		{0A5BD26E-3AA9-4900-88E5-744260A7EE20}.Debug|Any CPU.Build.0 = Debug|Any CPU
		{0A5BD26E-3AA9-4900-88E5-744260A7EE20}.Release|Any CPU.ActiveCfg = Release|Any CPU
		{0A5BD26E-3AA9-4900-88E5-744260A7EE20}.Release|Any CPU.Build.0 = Release|Any CPU
		{E4D0D6D1-EA43-48FC-9FB7-87C31A599740}.Debug|Any CPU.ActiveCfg = Debug|Any CPU
		{E4D0D6D1-EA43-48FC-9FB7-87C31A599740}.Debug|Any CPU.Build.0 = Debug|Any CPU
		{E4D0D6D1-EA43-48FC-9FB7-87C31A599740}.Release|Any CPU.ActiveCfg = Release|Any CPU
		{E4D0D6D1-EA43-48FC-9FB7-87C31A599740}.Release|Any CPU.Build.0 = Release|Any CPU
		{2CBA4FE8-BF58-425E-BA5B-1E86CEAA8865}.Debug|Any CPU.ActiveCfg = Debug|Any CPU
		{2CBA4FE8-BF58-425E-BA5B-1E86CEAA8865}.Debug|Any CPU.Build.0 = Debug|Any CPU
		{2CBA4FE8-BF58-425E-BA5B-1E86CEAA8865}.Release|Any CPU.ActiveCfg = Release|Any CPU
		{2CBA4FE8-BF58-425E-BA5B-1E86CEAA8865}.Release|Any CPU.Build.0 = Release|Any CPU
		{2595894B-5159-4229-9A30-F1B96C1AFBCB}.Debug|Any CPU.ActiveCfg = Debug|Any CPU
		{2595894B-5159-4229-9A30-F1B96C1AFBCB}.Debug|Any CPU.Build.0 = Debug|Any CPU
		{2595894B-5159-4229-9A30-F1B96C1AFBCB}.Release|Any CPU.ActiveCfg = Release|Any CPU
		{2595894B-5159-4229-9A30-F1B96C1AFBCB}.Release|Any CPU.Build.0 = Release|Any CPU
		{FB8B597A-27B1-4928-A7F0-B42A6805F6BE}.Debug|Any CPU.ActiveCfg = Debug|Any CPU
		{FB8B597A-27B1-4928-A7F0-B42A6805F6BE}.Debug|Any CPU.Build.0 = Debug|Any CPU
		{FB8B597A-27B1-4928-A7F0-B42A6805F6BE}.Release|Any CPU.ActiveCfg = Release|Any CPU
		{FB8B597A-27B1-4928-A7F0-B42A6805F6BE}.Release|Any CPU.Build.0 = Release|Any CPU
		{593372D8-F47E-45C1-8E0E-E8B41DFC50FE}.Debug|Any CPU.ActiveCfg = Debug|Any CPU
		{593372D8-F47E-45C1-8E0E-E8B41DFC50FE}.Debug|Any CPU.Build.0 = Debug|Any CPU
		{593372D8-F47E-45C1-8E0E-E8B41DFC50FE}.Release|Any CPU.ActiveCfg = Release|Any CPU
		{593372D8-F47E-45C1-8E0E-E8B41DFC50FE}.Release|Any CPU.Build.0 = Release|Any CPU
		{499E4182-A96F-457E-9D7D-B9B511331E68}.Debug|Any CPU.ActiveCfg = Debug|Any CPU
		{499E4182-A96F-457E-9D7D-B9B511331E68}.Debug|Any CPU.Build.0 = Debug|Any CPU
		{499E4182-A96F-457E-9D7D-B9B511331E68}.Release|Any CPU.ActiveCfg = Release|Any CPU
		{499E4182-A96F-457E-9D7D-B9B511331E68}.Release|Any CPU.Build.0 = Release|Any CPU
	EndGlobalSection
EndGlobal
