
Microsoft Visual Studio Solution File, Format Version 12.00
Project("{2150E333-8FDC-42A3-9474-1A3956D46DE8}") = "src", "src", "{2AF7A8A7-14DB-4AC6-9FC3-DE89D23F7C65}"
EndProject
Project("{2150E333-8FDC-42A3-9474-1A3956D46DE8}") = "tests", "tests", "{BDB03DDE-7C9E-4558-A34F-77FC2E9F7A8B}"
EndProject
Project("{FAE04EC0-301F-11D3-BF4B-00C04F79EFBC}") = "LoyaltyR.Service.Recommendation.Domain", "LoyaltyR.Service.Recommendation.Domain\LoyaltyR.Service.Recommendation.Domain.csproj", "{9566DB31-906C-4B92-A633-A9567658A7D7}"
EndProject
Project("{FAE04EC0-301F-11D3-BF4B-00C04F79EFBC}") = "LoyaltyR.Service.Recommendation.Infrastructure", "LoyaltyR.Service.Recommendation.Infrastructure\LoyaltyR.Service.Recommendation.Infrastructure.csproj", "{877A6568-67E2-435C-94DB-483CB5D155B4}"
EndProject
Project("{FAE04EC0-301F-11D3-BF4B-00C04F79EFBC}") = "LoyaltyR.Service.Recommendation.Application", "LoyaltyR.Service.Recommendation.Application\LoyaltyR.Service.Recommendation.Application.csproj", "{41DD3D90-36FF-4A9F-8028-9A6A1C0E70DD}"
EndProject
Project("{FAE04EC0-301F-11D3-BF4B-00C04F79EFBC}") = "LoyaltyR.Service.Recommendation.API", "LoyaltyR.Service.Recommendation.API\LoyaltyR.Service.Recommendation.API.csproj", "{51D4FD61-1DAE-4CEB-9B64-822BD17289C9}"
EndProject
Project("{FAE04EC0-301F-11D3-BF4B-00C04F79EFBC}") = "LoyaltyR.Service.Recommendation.Tests.Unit", "LoyaltyR.Service.Recommendation.Tests.Unit\LoyaltyR.Service.Recommendation.Tests.Unit.csproj", "{1367021C-3B3E-4EEF-9914-B111E6FA28E4}"
EndProject
Global
	GlobalSection(SolutionConfigurationPlatforms) = preSolution
		Debug|Any CPU = Debug|Any CPU
		Release|Any CPU = Release|Any CPU
	EndGlobalSection
	GlobalSection(NestedProjects) = preSolution
		{9566DB31-906C-4B92-A633-A9567658A7D7} = {2AF7A8A7-14DB-4AC6-9FC3-DE89D23F7C65}
		{877A6568-67E2-435C-94DB-483CB5D155B4} = {2AF7A8A7-14DB-4AC6-9FC3-DE89D23F7C65}
		{41DD3D90-36FF-4A9F-8028-9A6A1C0E70DD} = {2AF7A8A7-14DB-4AC6-9FC3-DE89D23F7C65}
		{51D4FD61-1DAE-4CEB-9B64-822BD17289C9} = {2AF7A8A7-14DB-4AC6-9FC3-DE89D23F7C65}
		{1367021C-3B3E-4EEF-9914-B111E6FA28E4} = {BDB03DDE-7C9E-4558-A34F-77FC2E9F7A8B}
	EndGlobalSection
	GlobalSection(ProjectConfigurationPlatforms) = postSolution
		{9566DB31-906C-4B92-A633-A9567658A7D7}.Debug|Any CPU.ActiveCfg = Debug|Any CPU
		{9566DB31-906C-4B92-A633-A9567658A7D7}.Debug|Any CPU.Build.0 = Debug|Any CPU
		{9566DB31-906C-4B92-A633-A9567658A7D7}.Release|Any CPU.ActiveCfg = Release|Any CPU
		{9566DB31-906C-4B92-A633-A9567658A7D7}.Release|Any CPU.Build.0 = Release|Any CPU
		{877A6568-67E2-435C-94DB-483CB5D155B4}.Debug|Any CPU.ActiveCfg = Debug|Any CPU
		{877A6568-67E2-435C-94DB-483CB5D155B4}.Debug|Any CPU.Build.0 = Debug|Any CPU
		{877A6568-67E2-435C-94DB-483CB5D155B4}.Release|Any CPU.ActiveCfg = Release|Any CPU
		{877A6568-67E2-435C-94DB-483CB5D155B4}.Release|Any CPU.Build.0 = Release|Any CPU
		{41DD3D90-36FF-4A9F-8028-9A6A1C0E70DD}.Debug|Any CPU.ActiveCfg = Debug|Any CPU
		{41DD3D90-36FF-4A9F-8028-9A6A1C0E70DD}.Debug|Any CPU.Build.0 = Debug|Any CPU
		{41DD3D90-36FF-4A9F-8028-9A6A1C0E70DD}.Release|Any CPU.ActiveCfg = Release|Any CPU
		{41DD3D90-36FF-4A9F-8028-9A6A1C0E70DD}.Release|Any CPU.Build.0 = Release|Any CPU
		{51D4FD61-1DAE-4CEB-9B64-822BD17289C9}.Debug|Any CPU.ActiveCfg = Debug|Any CPU
		{51D4FD61-1DAE-4CEB-9B64-822BD17289C9}.Debug|Any CPU.Build.0 = Debug|Any CPU
		{51D4FD61-1DAE-4CEB-9B64-822BD17289C9}.Release|Any CPU.ActiveCfg = Release|Any CPU
		{51D4FD61-1DAE-4CEB-9B64-822BD17289C9}.Release|Any CPU.Build.0 = Release|Any CPU
		{1367021C-3B3E-4EEF-9914-B111E6FA28E4}.Debug|Any CPU.ActiveCfg = Debug|Any CPU
		{1367021C-3B3E-4EEF-9914-B111E6FA28E4}.Debug|Any CPU.Build.0 = Debug|Any CPU
		{1367021C-3B3E-4EEF-9914-B111E6FA28E4}.Release|Any CPU.ActiveCfg = Release|Any CPU
		{1367021C-3B3E-4EEF-9914-B111E6FA28E4}.Release|Any CPU.Build.0 = Release|Any CPU
	EndGlobalSection
EndGlobal
