
Microsoft Visual Studio Solution File, Format Version 12.00
Project("{2150E333-8FDC-42A3-9474-1A3956D46DE8}") = "src", "src", "{C4E41E77-1794-4B28-A7AF-EB5292FDE41E}"
EndProject
Project("{2150E333-8FDC-42A3-9474-1A3956D46DE8}") = "tests", "tests", "{735EB19E-5237-49D6-89BB-D04F3A4C1820}"
EndProject
Project("{FAE04EC0-301F-11D3-BF4B-00C04F79EFBC}") = "LoyaltyR.Service.Tracking.API", "src\LoyaltyR.Service.Tracking.API\LoyaltyR.Service.Tracking.API.csproj", "{C481BB9E-2187-4C8C-A4B1-D9BF6D98EBE1}"
EndProject
Project("{FAE04EC0-301F-11D3-BF4B-00C04F79EFBC}") = "LoyaltyR.Service.Tracking.Application", "src\LoyaltyR.Service.Tracking.Application\LoyaltyR.Service.Tracking.Application.csproj", "{ABE52DBA-CA61-4D41-A35B-C7EDFCFE5379}"
EndProject
Project("{FAE04EC0-301F-11D3-BF4B-00C04F79EFBC}") = "LoyaltyR.Service.Tracking.Domain", "src\LoyaltyR.Service.Tracking.Domain\LoyaltyR.Service.Tracking.Domain.csproj", "{C1A7B8BD-D860-44B0-971B-D86260BF6D05}"
EndProject
Project("{FAE04EC0-301F-11D3-BF4B-00C04F79EFBC}") = "LoyaltyR.Service.Tracking.Infrastructure", "src\LoyaltyR.Service.Tracking.Infrastructure\LoyaltyR.Service.Tracking.Infrastructure.csproj", "{E6102A79-AF49-4C2B-8796-765EFA9383F9}"
EndProject
Project("{FAE04EC0-301F-11D3-BF4B-00C04F79EFBC}") = "LoyaltyR.Service.Tracking.Tests.Unit", "tests\LoyaltyR.Service.Tracking.Tests.Unit\LoyaltyR.Service.Tracking.Tests.Unit.csproj", "{099AA776-0BD7-4390-ADFF-4A42FEA2BCEA}"
EndProject
Global
	GlobalSection(SolutionConfigurationPlatforms) = preSolution
		Debug|Any CPU = Debug|Any CPU
		Release|Any CPU = Release|Any CPU
	EndGlobalSection
	GlobalSection(NestedProjects) = preSolution
		{C481BB9E-2187-4C8C-A4B1-D9BF6D98EBE1} = {C4E41E77-1794-4B28-A7AF-EB5292FDE41E}
		{ABE52DBA-CA61-4D41-A35B-C7EDFCFE5379} = {C4E41E77-1794-4B28-A7AF-EB5292FDE41E}
		{C1A7B8BD-D860-44B0-971B-D86260BF6D05} = {C4E41E77-1794-4B28-A7AF-EB5292FDE41E}
		{E6102A79-AF49-4C2B-8796-765EFA9383F9} = {C4E41E77-1794-4B28-A7AF-EB5292FDE41E}
		{099AA776-0BD7-4390-ADFF-4A42FEA2BCEA} = {735EB19E-5237-49D6-89BB-D04F3A4C1820}
	EndGlobalSection
	GlobalSection(ProjectConfigurationPlatforms) = postSolution
		{C481BB9E-2187-4C8C-A4B1-D9BF6D98EBE1}.Debug|Any CPU.ActiveCfg = Debug|Any CPU
		{C481BB9E-2187-4C8C-A4B1-D9BF6D98EBE1}.Debug|Any CPU.Build.0 = Debug|Any CPU
		{C481BB9E-2187-4C8C-A4B1-D9BF6D98EBE1}.Release|Any CPU.ActiveCfg = Release|Any CPU
		{C481BB9E-2187-4C8C-A4B1-D9BF6D98EBE1}.Release|Any CPU.Build.0 = Release|Any CPU
		{ABE52DBA-CA61-4D41-A35B-C7EDFCFE5379}.Debug|Any CPU.ActiveCfg = Debug|Any CPU
		{ABE52DBA-CA61-4D41-A35B-C7EDFCFE5379}.Debug|Any CPU.Build.0 = Debug|Any CPU
		{ABE52DBA-CA61-4D41-A35B-C7EDFCFE5379}.Release|Any CPU.ActiveCfg = Release|Any CPU
		{ABE52DBA-CA61-4D41-A35B-C7EDFCFE5379}.Release|Any CPU.Build.0 = Release|Any CPU
		{C1A7B8BD-D860-44B0-971B-D86260BF6D05}.Debug|Any CPU.ActiveCfg = Debug|Any CPU
		{C1A7B8BD-D860-44B0-971B-D86260BF6D05}.Debug|Any CPU.Build.0 = Debug|Any CPU
		{C1A7B8BD-D860-44B0-971B-D86260BF6D05}.Release|Any CPU.ActiveCfg = Release|Any CPU
		{C1A7B8BD-D860-44B0-971B-D86260BF6D05}.Release|Any CPU.Build.0 = Release|Any CPU
		{E6102A79-AF49-4C2B-8796-765EFA9383F9}.Debug|Any CPU.ActiveCfg = Debug|Any CPU
		{E6102A79-AF49-4C2B-8796-765EFA9383F9}.Debug|Any CPU.Build.0 = Debug|Any CPU
		{E6102A79-AF49-4C2B-8796-765EFA9383F9}.Release|Any CPU.ActiveCfg = Release|Any CPU
		{E6102A79-AF49-4C2B-8796-765EFA9383F9}.Release|Any CPU.Build.0 = Release|Any CPU
		{099AA776-0BD7-4390-ADFF-4A42FEA2BCEA}.Debug|Any CPU.ActiveCfg = Debug|Any CPU
		{099AA776-0BD7-4390-ADFF-4A42FEA2BCEA}.Debug|Any CPU.Build.0 = Debug|Any CPU
		{099AA776-0BD7-4390-ADFF-4A42FEA2BCEA}.Release|Any CPU.ActiveCfg = Release|Any CPU
		{099AA776-0BD7-4390-ADFF-4A42FEA2BCEA}.Release|Any CPU.Build.0 = Release|Any CPU
	EndGlobalSection
EndGlobal
